
Microsoft Visual Studio Solution File, Format Version 12.00
# Visual Studio 2013
VisualStudioVersion = 12.0.21005.1
MinimumVisualStudioVersion = 10.0.40219.1
Project("{2150E333-8FDC-42A3-9474-1A3956D46DE8}") = "Applications", "Applications", "{2CECCAFE-86C5-4B8E-9BB4-230A36DF370A}"
EndProject
Project("{FAE04EC0-301F-11D3-BF4B-00C04F79EFBC}") = "Folferine.Website", "Folferine.Website\Folferine.Website.csproj", "{E24D3CD6-9891-48C6-B0C9-81E400E80005}"
EndProject
Global
	GlobalSection(SolutionConfigurationPlatforms) = preSolution
		Debug|Any CPU = Debug|Any CPU
		Release|Any CPU = Release|Any CPU
	EndGlobalSection
	GlobalSection(ProjectConfigurationPlatforms) = postSolution
		{E24D3CD6-9891-48C6-B0C9-81E400E80005}.Debug|Any CPU.ActiveCfg = Debug|Any CPU
		{E24D3CD6-9891-48C6-B0C9-81E400E80005}.Debug|Any CPU.Build.0 = Debug|Any CPU
		{E24D3CD6-9891-48C6-B0C9-81E400E80005}.Release|Any CPU.ActiveCfg = Release|Any CPU
		{E24D3CD6-9891-48C6-B0C9-81E400E80005}.Release|Any CPU.Build.0 = Release|Any CPU
	EndGlobalSection
	GlobalSection(SolutionProperties) = preSolution
		HideSolutionNode = FALSE
	EndGlobalSection
	GlobalSection(NestedProjects) = preSolution
		{E24D3CD6-9891-48C6-B0C9-81E400E80005} = {2CECCAFE-86C5-4B8E-9BB4-230A36DF370A}
	EndGlobalSection
EndGlobal
